
Microsoft Visual Studio Solution File, Format Version 11.00
# Visual Studio 2010
Project("{6989167D-11E4-40FE-8C1A-2192A86A7E90}") = "FAST-SC-TLCD-DLL-OC3Hywind", "FAST-SC-TLCD-DLL-OC3Hywind\FAST-SC-TLCD-DLL-OC3Hywind.vfproj", "{5490623D-5D0B-4F54-A3A9-C4610F93B121}"
EndProject
Global
	GlobalSection(SolutionConfigurationPlatforms) = preSolution
		Debug|Win32 = Debug|Win32
		Release|Win32 = Release|Win32
	EndGlobalSection
	GlobalSection(ProjectConfigurationPlatforms) = postSolution
		{5490623D-5D0B-4F54-A3A9-C4610F93B121}.Debug|Win32.ActiveCfg = Debug|Win32
		{5490623D-5D0B-4F54-A3A9-C4610F93B121}.Debug|Win32.Build.0 = Debug|Win32
		{5490623D-5D0B-4F54-A3A9-C4610F93B121}.Release|Win32.ActiveCfg = Release|Win32
		{5490623D-5D0B-4F54-A3A9-C4610F93B121}.Release|Win32.Build.0 = Release|Win32
	EndGlobalSection
	GlobalSection(SolutionProperties) = preSolution
		HideSolutionNode = FALSE
	EndGlobalSection
EndGlobal
